
Microsoft Visual Studio Solution File, Format Version 12.00
# Visual Studio 14
VisualStudioVersion = 14.0.25420.1
MinimumVisualStudioVersion = 10.0.40219.1
Project("{FAE04EC0-301F-11D3-BF4B-00C04F79EFBC}") = "Backup.Web.API", "Backup.Web.API\Backup.Web.API.csproj", "{C54DAFE5-BDDE-48AA-81B8-3FAD8773C677}"
EndProject
Project("{FAE04EC0-301F-11D3-BF4B-00C04F79EFBC}") = "Backup.Common", "Backup.Common\Backup.Common.csproj", "{2AEEE152-1092-4176-A305-E1AE0FA27E9F}"
EndProject
Project("{FAE04EC0-301F-11D3-BF4B-00C04F79EFBC}") = "Backup.DAL", "Backup.DAL\Backup.DAL.csproj", "{C44012E3-2855-4A35-856C-1EF1779EFF58}"
EndProject
Global
	GlobalSection(SolutionConfigurationPlatforms) = preSolution
		Debug|Any CPU = Debug|Any CPU
		Release|Any CPU = Release|Any CPU
	EndGlobalSection
	GlobalSection(ProjectConfigurationPlatforms) = postSolution
		{C54DAFE5-BDDE-48AA-81B8-3FAD8773C677}.Debug|Any CPU.ActiveCfg = Debug|Any CPU
		{C54DAFE5-BDDE-48AA-81B8-3FAD8773C677}.Debug|Any CPU.Build.0 = Debug|Any CPU
		{C54DAFE5-BDDE-48AA-81B8-3FAD8773C677}.Release|Any CPU.ActiveCfg = Release|Any CPU
		{C54DAFE5-BDDE-48AA-81B8-3FAD8773C677}.Release|Any CPU.Build.0 = Release|Any CPU
		{2AEEE152-1092-4176-A305-E1AE0FA27E9F}.Debug|Any CPU.ActiveCfg = Debug|Any CPU
		{2AEEE152-1092-4176-A305-E1AE0FA27E9F}.Debug|Any CPU.Build.0 = Debug|Any CPU
		{2AEEE152-1092-4176-A305-E1AE0FA27E9F}.Release|Any CPU.ActiveCfg = Release|Any CPU
		{2AEEE152-1092-4176-A305-E1AE0FA27E9F}.Release|Any CPU.Build.0 = Release|Any CPU
		{C44012E3-2855-4A35-856C-1EF1779EFF58}.Debug|Any CPU.ActiveCfg = Debug|Any CPU
		{C44012E3-2855-4A35-856C-1EF1779EFF58}.Debug|Any CPU.Build.0 = Debug|Any CPU
		{C44012E3-2855-4A35-856C-1EF1779EFF58}.Release|Any CPU.ActiveCfg = Release|Any CPU
		{C44012E3-2855-4A35-856C-1EF1779EFF58}.Release|Any CPU.Build.0 = Release|Any CPU
	EndGlobalSection
	GlobalSection(SolutionProperties) = preSolution
		HideSolutionNode = FALSE
	EndGlobalSection
EndGlobal
