
Microsoft Visual Studio Solution File, Format Version 12.00
# Visual Studio 14
VisualStudioVersion = 14.0.25420.1
MinimumVisualStudioVersion = 10.0.40219.1
Project("{FAE04EC0-301F-11D3-BF4B-00C04F79EFBC}") = "UnitTests.Backup.REST.Web.API", "UnitTests.Backup.REST.Web.API\UnitTests.Backup.REST.Web.API.csproj", "{D04E0260-9603-47BA-A884-BDC6459DE14E}"
EndProject
Project("{FAE04EC0-301F-11D3-BF4B-00C04F79EFBC}") = "Backup.DAL", "Backup.DAL\Backup.DAL.csproj", "{C44012E3-2855-4A35-856C-1EF1779EFF58}"
EndProject
Project("{FAE04EC0-301F-11D3-BF4B-00C04F79EFBC}") = "Backup.Common", "Backup.Common\Backup.Common.csproj", "{2AEEE152-1092-4176-A305-E1AE0FA27E9F}"
EndProject
Project("{FAE04EC0-301F-11D3-BF4B-00C04F79EFBC}") = "Backup.REST.Web.API", "Backup.REST.Web.API\Backup.REST.Web.API.csproj", "{2BF25ABC-8908-49DB-899F-D30C5A0EF89A}"
EndProject
Project("{FAE04EC0-301F-11D3-BF4B-00C04F79EFBC}") = "Backup.Admin.WebApp", "Backup.Admin.WebApp\Backup.Admin.WebApp.csproj", "{9DFE8A0B-B3E1-4EDC-857B-25BA829E4ED8}"
EndProject
Project("{FAE04EC0-301F-11D3-BF4B-00C04F79EFBC}") = "UnitTests.Backup.Admin.WebApp", "UnitTests.Backup.Admin.WebApp\UnitTests.Backup.Admin.WebApp.csproj", "{81776852-4134-4285-B191-5A7D867F1746}"
EndProject
Project("{FAE04EC0-301F-11D3-BF4B-00C04F79EFBC}") = "Backup.Client.WPF.App", "Backup.WPF.RichClient\Backup.Client.WPF.App.csproj", "{23479BE9-75DA-4E5A-BC36-9A732BD713BF}"
EndProject
Project("{FAE04EC0-301F-11D3-BF4B-00C04F79EFBC}") = "Backup.Client.BL", "Backup.Client.BL\Backup.Client.BL.csproj", "{86C46DFF-298F-417B-A1E2-42DE93C1FA9A}"
EndProject
Project("{FAE04EC0-301F-11D3-BF4B-00C04F79EFBC}") = "UnitTests.Backup.Client.BL", "UnitTests.Backup.Client.BL\UnitTests.Backup.Client.BL.csproj", "{D10AACF5-CB57-49B3-80FD-EC769139931F}"
EndProject
Project("{FAE04EC0-301F-11D3-BF4B-00C04F79EFBC}") = "Backup.Client.Console.App", "Backup.Client.Console.App\Backup.Client.Console.App.csproj", "{E80F342B-712E-4179-9447-83443F65EDAE}"
EndProject
Global
	GlobalSection(SolutionConfigurationPlatforms) = preSolution
		Debug|Any CPU = Debug|Any CPU
		Release|Any CPU = Release|Any CPU
	EndGlobalSection
	GlobalSection(ProjectConfigurationPlatforms) = postSolution
		{D04E0260-9603-47BA-A884-BDC6459DE14E}.Debug|Any CPU.ActiveCfg = Debug|Any CPU
		{D04E0260-9603-47BA-A884-BDC6459DE14E}.Debug|Any CPU.Build.0 = Debug|Any CPU
		{D04E0260-9603-47BA-A884-BDC6459DE14E}.Release|Any CPU.ActiveCfg = Release|Any CPU
		{D04E0260-9603-47BA-A884-BDC6459DE14E}.Release|Any CPU.Build.0 = Release|Any CPU
		{C44012E3-2855-4A35-856C-1EF1779EFF58}.Debug|Any CPU.ActiveCfg = Debug|Any CPU
		{C44012E3-2855-4A35-856C-1EF1779EFF58}.Debug|Any CPU.Build.0 = Debug|Any CPU
		{C44012E3-2855-4A35-856C-1EF1779EFF58}.Release|Any CPU.ActiveCfg = Release|Any CPU
		{C44012E3-2855-4A35-856C-1EF1779EFF58}.Release|Any CPU.Build.0 = Release|Any CPU
		{2AEEE152-1092-4176-A305-E1AE0FA27E9F}.Debug|Any CPU.ActiveCfg = Debug|Any CPU
		{2AEEE152-1092-4176-A305-E1AE0FA27E9F}.Debug|Any CPU.Build.0 = Debug|Any CPU
		{2AEEE152-1092-4176-A305-E1AE0FA27E9F}.Release|Any CPU.ActiveCfg = Release|Any CPU
		{2AEEE152-1092-4176-A305-E1AE0FA27E9F}.Release|Any CPU.Build.0 = Release|Any CPU
		{2BF25ABC-8908-49DB-899F-D30C5A0EF89A}.Debug|Any CPU.ActiveCfg = Debug|Any CPU
		{2BF25ABC-8908-49DB-899F-D30C5A0EF89A}.Debug|Any CPU.Build.0 = Debug|Any CPU
		{2BF25ABC-8908-49DB-899F-D30C5A0EF89A}.Release|Any CPU.ActiveCfg = Release|Any CPU
		{2BF25ABC-8908-49DB-899F-D30C5A0EF89A}.Release|Any CPU.Build.0 = Release|Any CPU
		{9DFE8A0B-B3E1-4EDC-857B-25BA829E4ED8}.Debug|Any CPU.ActiveCfg = Debug|Any CPU
		{9DFE8A0B-B3E1-4EDC-857B-25BA829E4ED8}.Debug|Any CPU.Build.0 = Debug|Any CPU
		{9DFE8A0B-B3E1-4EDC-857B-25BA829E4ED8}.Release|Any CPU.ActiveCfg = Release|Any CPU
		{9DFE8A0B-B3E1-4EDC-857B-25BA829E4ED8}.Release|Any CPU.Build.0 = Release|Any CPU
		{81776852-4134-4285-B191-5A7D867F1746}.Debug|Any CPU.ActiveCfg = Debug|Any CPU
		{81776852-4134-4285-B191-5A7D867F1746}.Debug|Any CPU.Build.0 = Debug|Any CPU
		{81776852-4134-4285-B191-5A7D867F1746}.Release|Any CPU.ActiveCfg = Release|Any CPU
		{81776852-4134-4285-B191-5A7D867F1746}.Release|Any CPU.Build.0 = Release|Any CPU
		{23479BE9-75DA-4E5A-BC36-9A732BD713BF}.Debug|Any CPU.ActiveCfg = Debug|Any CPU
		{23479BE9-75DA-4E5A-BC36-9A732BD713BF}.Debug|Any CPU.Build.0 = Debug|Any CPU
		{23479BE9-75DA-4E5A-BC36-9A732BD713BF}.Release|Any CPU.ActiveCfg = Release|Any CPU
		{23479BE9-75DA-4E5A-BC36-9A732BD713BF}.Release|Any CPU.Build.0 = Release|Any CPU
		{86C46DFF-298F-417B-A1E2-42DE93C1FA9A}.Debug|Any CPU.ActiveCfg = Debug|Any CPU
		{86C46DFF-298F-417B-A1E2-42DE93C1FA9A}.Debug|Any CPU.Build.0 = Debug|Any CPU
		{86C46DFF-298F-417B-A1E2-42DE93C1FA9A}.Release|Any CPU.ActiveCfg = Release|Any CPU
		{86C46DFF-298F-417B-A1E2-42DE93C1FA9A}.Release|Any CPU.Build.0 = Release|Any CPU
		{D10AACF5-CB57-49B3-80FD-EC769139931F}.Debug|Any CPU.ActiveCfg = Debug|Any CPU
		{D10AACF5-CB57-49B3-80FD-EC769139931F}.Debug|Any CPU.Build.0 = Debug|Any CPU
		{D10AACF5-CB57-49B3-80FD-EC769139931F}.Release|Any CPU.ActiveCfg = Release|Any CPU
		{D10AACF5-CB57-49B3-80FD-EC769139931F}.Release|Any CPU.Build.0 = Release|Any CPU
		{E80F342B-712E-4179-9447-83443F65EDAE}.Debug|Any CPU.ActiveCfg = Debug|Any CPU
		{E80F342B-712E-4179-9447-83443F65EDAE}.Debug|Any CPU.Build.0 = Debug|Any CPU
		{E80F342B-712E-4179-9447-83443F65EDAE}.Release|Any CPU.ActiveCfg = Release|Any CPU
		{E80F342B-712E-4179-9447-83443F65EDAE}.Release|Any CPU.Build.0 = Release|Any CPU
	EndGlobalSection
	GlobalSection(SolutionProperties) = preSolution
		HideSolutionNode = FALSE
	EndGlobalSection
EndGlobal
