
Microsoft Visual Studio Solution File, Format Version 12.00
# Visual Studio 14
VisualStudioVersion = 14.0.25420.1
MinimumVisualStudioVersion = 10.0.40219.1
Project("{FAE04EC0-301F-11D3-BF4B-00C04F79EFBC}") = "Backup.DAL", "Backup.DAL\Backup.DAL.csproj", "{C44012E3-2855-4A35-856C-1EF1779EFF58}"
EndProject
Project("{FAE04EC0-301F-11D3-BF4B-00C04F79EFBC}") = "Backup.Common", "Backup.Common\Backup.Common.csproj", "{2AEEE152-1092-4176-A305-E1AE0FA27E9F}"
EndProject
Project("{FAE04EC0-301F-11D3-BF4B-00C04F79EFBC}") = "UnitTests.Backup.Admin.WebApp", "UnitTests.Backup.Admin.WebApp\UnitTests.Backup.Admin.WebApp.csproj", "{81776852-4134-4285-B191-5A7D867F1746}"
EndProject
Project("{FAE04EC0-301F-11D3-BF4B-00C04F79EFBC}") = "Backup.Client.BL", "Backup.Client.BL\Backup.Client.BL.csproj", "{86C46DFF-298F-417B-A1E2-42DE93C1FA9A}"
EndProject
Project("{FAE04EC0-301F-11D3-BF4B-00C04F79EFBC}") = "UnitTests.Backup.Client.BL", "UnitTests.Backup.Client.BL\UnitTests.Backup.Client.BL.csproj", "{D10AACF5-CB57-49B3-80FD-EC769139931F}"
EndProject
Project("{FAE04EC0-301F-11D3-BF4B-00C04F79EFBC}") = "Backup.Client.Console.App", "Backup.Client.Console.App\Backup.Client.Console.App.csproj", "{E80F342B-712E-4179-9447-83443F65EDAE}"
EndProject
Project("{FAE04EC0-301F-11D3-BF4B-00C04F79EFBC}") = "Backup.Web.API", "Backup.Web.API\Backup.Web.API.csproj", "{C54DAFE5-BDDE-48AA-81B8-3FAD8773C677}"
EndProject
Project("{FAE04EC0-301F-11D3-BF4B-00C04F79EFBC}") = "UnitTests.Backup.Web.API", "UnitTests.Backup.Web.API\UnitTests.Backup.Web.API.csproj", "{35689D04-2F49-4A45-A503-5636CFE01DB6}"
EndProject
Project("{FAE04EC0-301F-11D3-BF4B-00C04F79EFBC}") = "UnitTests.Backup.DAL", "UnitTests.Backup.DAL\UnitTests.Backup.DAL.csproj", "{17823E72-DFF5-4070-A5F2-28B0F42EB50A}"
EndProject
Project("{FAE04EC0-301F-11D3-BF4B-00C04F79EFBC}") = "IntegrationTests.Backup", "IntegrationTests.Backup\IntegrationTests.Backup.csproj", "{8AB7EBEE-A199-45A3-83A9-39A0FA034F95}"
EndProject
Project("{FAE04EC0-301F-11D3-BF4B-00C04F79EFBC}") = "Backup.Admin.WebApp", "Backup.Admin.WebApp\Backup.Admin.WebApp.csproj", "{93ED7DF3-3B1A-453C-87F1-2B9C1B3A5DFF}"
EndProject
Global
	GlobalSection(SolutionConfigurationPlatforms) = preSolution
		Debug|Any CPU = Debug|Any CPU
		Release|Any CPU = Release|Any CPU
	EndGlobalSection
	GlobalSection(ProjectConfigurationPlatforms) = postSolution
		{C44012E3-2855-4A35-856C-1EF1779EFF58}.Debug|Any CPU.ActiveCfg = Debug|Any CPU
		{C44012E3-2855-4A35-856C-1EF1779EFF58}.Debug|Any CPU.Build.0 = Debug|Any CPU
		{C44012E3-2855-4A35-856C-1EF1779EFF58}.Release|Any CPU.ActiveCfg = Release|Any CPU
		{C44012E3-2855-4A35-856C-1EF1779EFF58}.Release|Any CPU.Build.0 = Release|Any CPU
		{2AEEE152-1092-4176-A305-E1AE0FA27E9F}.Debug|Any CPU.ActiveCfg = Debug|Any CPU
		{2AEEE152-1092-4176-A305-E1AE0FA27E9F}.Debug|Any CPU.Build.0 = Debug|Any CPU
		{2AEEE152-1092-4176-A305-E1AE0FA27E9F}.Release|Any CPU.ActiveCfg = Release|Any CPU
		{2AEEE152-1092-4176-A305-E1AE0FA27E9F}.Release|Any CPU.Build.0 = Release|Any CPU
		{81776852-4134-4285-B191-5A7D867F1746}.Debug|Any CPU.ActiveCfg = Debug|Any CPU
		{81776852-4134-4285-B191-5A7D867F1746}.Debug|Any CPU.Build.0 = Debug|Any CPU
		{81776852-4134-4285-B191-5A7D867F1746}.Release|Any CPU.ActiveCfg = Release|Any CPU
		{81776852-4134-4285-B191-5A7D867F1746}.Release|Any CPU.Build.0 = Release|Any CPU
		{86C46DFF-298F-417B-A1E2-42DE93C1FA9A}.Debug|Any CPU.ActiveCfg = Debug|Any CPU
		{86C46DFF-298F-417B-A1E2-42DE93C1FA9A}.Debug|Any CPU.Build.0 = Debug|Any CPU
		{86C46DFF-298F-417B-A1E2-42DE93C1FA9A}.Release|Any CPU.ActiveCfg = Release|Any CPU
		{86C46DFF-298F-417B-A1E2-42DE93C1FA9A}.Release|Any CPU.Build.0 = Release|Any CPU
		{D10AACF5-CB57-49B3-80FD-EC769139931F}.Debug|Any CPU.ActiveCfg = Debug|Any CPU
		{D10AACF5-CB57-49B3-80FD-EC769139931F}.Debug|Any CPU.Build.0 = Debug|Any CPU
		{D10AACF5-CB57-49B3-80FD-EC769139931F}.Release|Any CPU.ActiveCfg = Release|Any CPU
		{D10AACF5-CB57-49B3-80FD-EC769139931F}.Release|Any CPU.Build.0 = Release|Any CPU
		{E80F342B-712E-4179-9447-83443F65EDAE}.Debug|Any CPU.ActiveCfg = Debug|Any CPU
		{E80F342B-712E-4179-9447-83443F65EDAE}.Debug|Any CPU.Build.0 = Debug|Any CPU
		{E80F342B-712E-4179-9447-83443F65EDAE}.Release|Any CPU.ActiveCfg = Release|Any CPU
		{E80F342B-712E-4179-9447-83443F65EDAE}.Release|Any CPU.Build.0 = Release|Any CPU
		{C54DAFE5-BDDE-48AA-81B8-3FAD8773C677}.Debug|Any CPU.ActiveCfg = Debug|Any CPU
		{C54DAFE5-BDDE-48AA-81B8-3FAD8773C677}.Debug|Any CPU.Build.0 = Debug|Any CPU
		{C54DAFE5-BDDE-48AA-81B8-3FAD8773C677}.Release|Any CPU.ActiveCfg = Release|Any CPU
		{C54DAFE5-BDDE-48AA-81B8-3FAD8773C677}.Release|Any CPU.Build.0 = Release|Any CPU
		{35689D04-2F49-4A45-A503-5636CFE01DB6}.Debug|Any CPU.ActiveCfg = Debug|Any CPU
		{35689D04-2F49-4A45-A503-5636CFE01DB6}.Debug|Any CPU.Build.0 = Debug|Any CPU
		{35689D04-2F49-4A45-A503-5636CFE01DB6}.Release|Any CPU.ActiveCfg = Release|Any CPU
		{35689D04-2F49-4A45-A503-5636CFE01DB6}.Release|Any CPU.Build.0 = Release|Any CPU
		{17823E72-DFF5-4070-A5F2-28B0F42EB50A}.Debug|Any CPU.ActiveCfg = Debug|Any CPU
		{17823E72-DFF5-4070-A5F2-28B0F42EB50A}.Debug|Any CPU.Build.0 = Debug|Any CPU
		{17823E72-DFF5-4070-A5F2-28B0F42EB50A}.Release|Any CPU.ActiveCfg = Release|Any CPU
		{17823E72-DFF5-4070-A5F2-28B0F42EB50A}.Release|Any CPU.Build.0 = Release|Any CPU
		{8AB7EBEE-A199-45A3-83A9-39A0FA034F95}.Debug|Any CPU.ActiveCfg = Debug|Any CPU
		{8AB7EBEE-A199-45A3-83A9-39A0FA034F95}.Debug|Any CPU.Build.0 = Debug|Any CPU
		{8AB7EBEE-A199-45A3-83A9-39A0FA034F95}.Release|Any CPU.ActiveCfg = Release|Any CPU
		{8AB7EBEE-A199-45A3-83A9-39A0FA034F95}.Release|Any CPU.Build.0 = Release|Any CPU
		{93ED7DF3-3B1A-453C-87F1-2B9C1B3A5DFF}.Debug|Any CPU.ActiveCfg = Debug|Any CPU
		{93ED7DF3-3B1A-453C-87F1-2B9C1B3A5DFF}.Debug|Any CPU.Build.0 = Debug|Any CPU
		{93ED7DF3-3B1A-453C-87F1-2B9C1B3A5DFF}.Release|Any CPU.ActiveCfg = Release|Any CPU
		{93ED7DF3-3B1A-453C-87F1-2B9C1B3A5DFF}.Release|Any CPU.Build.0 = Release|Any CPU
	EndGlobalSection
	GlobalSection(SolutionProperties) = preSolution
		HideSolutionNode = FALSE
	EndGlobalSection
	GlobalSection(ExtensibilityGlobals) = postSolution
		EnterpriseLibraryConfigurationToolBinariesPathV6 = packages\EnterpriseLibrary.Common.6.0.1304.0\lib\NET45;packages\EnterpriseLibrary.PolicyInjection.6.0.1304.0\lib\NET45
	EndGlobalSection
EndGlobal
